// !$*UTF8*$!
{
	archiveVersion = 1;
	classes = {
	};
	objectVersion = 48;
	objects = {

/* Begin PBXBuildFile section */
		B525ABE720A34B3500A388E6 /* WaniKaniBarTests.swift in Sources */ = {isa = PBXBuildFile; fileRef = B525ABE620A34B3500A388E6 /* WaniKaniBarTests.swift */; };
		B577204A209DD85600C7BAE5 /* time.swift in Sources */ = {isa = PBXBuildFile; fileRef = B5772049209DD85600C7BAE5 /* time.swift */; };
		B5CF0E33209B759A00A700F6 /* main.swift in Sources */ = {isa = PBXBuildFile; fileRef = B5CF0E32209B759A00A700F6 /* main.swift */; };
		B5CF0E35209B759A00A700F6 /* Assets.xcassets in Resources */ = {isa = PBXBuildFile; fileRef = B5CF0E34209B759A00A700F6 /* Assets.xcassets */; };
		B5CF0E41209B789500A700F6 /* WaniKaniBarController.swift in Sources */ = {isa = PBXBuildFile; fileRef = B5CF0E40209B789500A700F6 /* WaniKaniBarController.swift */; };
		B5CF0E43209B7DD300A700F6 /* WaniKaniAPI.swift in Sources */ = {isa = PBXBuildFile; fileRef = B5CF0E42209B7DD300A700F6 /* WaniKaniAPI.swift */; };
		B5D301F9218F7CB8001A1336 /* StatusBar.swift in Sources */ = {isa = PBXBuildFile; fileRef = B5D301F8218F7CB8001A1336 /* StatusBar.swift */; };
		B5E87AE6209C79A800D3B261 /* PreferencesWindow.swift in Sources */ = {isa = PBXBuildFile; fileRef = B5E87AE4209C79A800D3B261 /* PreferencesWindow.swift */; };
		B5E87AE7209C79A800D3B261 /* PreferencesWindow.xib in Resources */ = {isa = PBXBuildFile; fileRef = B5E87AE5209C79A800D3B261 /* PreferencesWindow.xib */; };
/* End PBXBuildFile section */

/* Begin PBXContainerItemProxy section */
		B525ABE920A34B3500A388E6 /* PBXContainerItemProxy */ = {
			isa = PBXContainerItemProxy;
			containerPortal = B5CF0E27209B759A00A700F6 /* Project object */;
			proxyType = 1;
			remoteGlobalIDString = B5CF0E2E209B759A00A700F6;
			remoteInfo = WaniKaniBar;
		};
/* End PBXContainerItemProxy section */

/* Begin PBXFileReference section */
		B525ABE420A34B3500A388E6 /* WaniKaniBarTests.xctest */ = {isa = PBXFileReference; explicitFileType = wrapper.cfbundle; includeInIndex = 0; path = WaniKaniBarTests.xctest; sourceTree = BUILT_PRODUCTS_DIR; };
		B525ABE620A34B3500A388E6 /* WaniKaniBarTests.swift */ = {isa = PBXFileReference; lastKnownFileType = sourcecode.swift; path = WaniKaniBarTests.swift; sourceTree = "<group>"; };
		B525ABE820A34B3500A388E6 /* Info.plist */ = {isa = PBXFileReference; lastKnownFileType = text.plist.xml; path = Info.plist; sourceTree = "<group>"; };
		B5772049209DD85600C7BAE5 /* time.swift */ = {isa = PBXFileReference; lastKnownFileType = sourcecode.swift; path = time.swift; sourceTree = "<group>"; };
		B5CF0E2F209B759A00A700F6 /* WaniKaniBar.app */ = {isa = PBXFileReference; explicitFileType = wrapper.application; includeInIndex = 0; path = WaniKaniBar.app; sourceTree = BUILT_PRODUCTS_DIR; };
		B5CF0E32209B759A00A700F6 /* main.swift */ = {isa = PBXFileReference; lastKnownFileType = sourcecode.swift; path = main.swift; sourceTree = "<group>"; };
		B5CF0E34209B759A00A700F6 /* Assets.xcassets */ = {isa = PBXFileReference; lastKnownFileType = folder.assetcatalog; path = Assets.xcassets; sourceTree = "<group>"; };
		B5CF0E39209B759A00A700F6 /* Info.plist */ = {isa = PBXFileReference; lastKnownFileType = text.plist.xml; path = Info.plist; sourceTree = "<group>"; };
		B5CF0E3A209B759A00A700F6 /* WaniKaniBar.entitlements */ = {isa = PBXFileReference; lastKnownFileType = text.plist.entitlements; path = WaniKaniBar.entitlements; sourceTree = "<group>"; };
		B5CF0E40209B789500A700F6 /* WaniKaniBarController.swift */ = {isa = PBXFileReference; lastKnownFileType = sourcecode.swift; path = WaniKaniBarController.swift; sourceTree = "<group>"; };
		B5CF0E42209B7DD300A700F6 /* WaniKaniAPI.swift */ = {isa = PBXFileReference; lastKnownFileType = sourcecode.swift; path = WaniKaniAPI.swift; sourceTree = "<group>"; };
		B5D301F8218F7CB8001A1336 /* StatusBar.swift */ = {isa = PBXFileReference; lastKnownFileType = sourcecode.swift; path = StatusBar.swift; sourceTree = "<group>"; };
		B5E87AE4209C79A800D3B261 /* PreferencesWindow.swift */ = {isa = PBXFileReference; lastKnownFileType = sourcecode.swift; path = PreferencesWindow.swift; sourceTree = "<group>"; };
		B5E87AE5209C79A800D3B261 /* PreferencesWindow.xib */ = {isa = PBXFileReference; lastKnownFileType = file.xib; path = PreferencesWindow.xib; sourceTree = "<group>"; };
/* End PBXFileReference section */

/* Begin PBXFrameworksBuildPhase section */
		B525ABE120A34B3500A388E6 /* Frameworks */ = {
			isa = PBXFrameworksBuildPhase;
			buildActionMask = 2147483647;
			files = (
			);
			runOnlyForDeploymentPostprocessing = 0;
		};
		B5CF0E2C209B759A00A700F6 /* Frameworks */ = {
			isa = PBXFrameworksBuildPhase;
			buildActionMask = 2147483647;
			files = (
			);
			runOnlyForDeploymentPostprocessing = 0;
		};
/* End PBXFrameworksBuildPhase section */

/* Begin PBXGroup section */
		B525ABE520A34B3500A388E6 /* WaniKaniBarTests */ = {
			isa = PBXGroup;
			children = (
				B525ABE620A34B3500A388E6 /* WaniKaniBarTests.swift */,
				B525ABE820A34B3500A388E6 /* Info.plist */,
			);
			path = WaniKaniBarTests;
			sourceTree = "<group>";
		};
		B5772048209DD83E00C7BAE5 /* utils */ = {
			isa = PBXGroup;
			children = (
				B5772049209DD85600C7BAE5 /* time.swift */,
			);
			path = utils;
			sourceTree = "<group>";
		};
		B5CF0E26209B759A00A700F6 = {
			isa = PBXGroup;
			children = (
				B5CF0E31209B759A00A700F6 /* WaniKaniBar */,
				B525ABE520A34B3500A388E6 /* WaniKaniBarTests */,
				B5CF0E30209B759A00A700F6 /* Products */,
			);
			sourceTree = "<group>";
		};
		B5CF0E30209B759A00A700F6 /* Products */ = {
			isa = PBXGroup;
			children = (
				B5CF0E2F209B759A00A700F6 /* WaniKaniBar.app */,
				B525ABE420A34B3500A388E6 /* WaniKaniBarTests.xctest */,
			);
			name = Products;
			sourceTree = "<group>";
		};
		B5CF0E31209B759A00A700F6 /* WaniKaniBar */ = {
			isa = PBXGroup;
			children = (
				B5D301FC218F7FD7001A1336 /* views */,
				B5D301FB218F7FCF001A1336 /* controllers */,
				B5CF0E40209B789500A700F6 /* WaniKaniBarController.swift */,
				B5D301FA218F7FC5001A1336 /* models */,
				B5772048209DD83E00C7BAE5 /* utils */,
				B5E87AE4209C79A800D3B261 /* PreferencesWindow.swift */,
				B5E87AE5209C79A800D3B261 /* PreferencesWindow.xib */,
				B5D301F8218F7CB8001A1336 /* StatusBar.swift */,
				B5CF0E42209B7DD300A700F6 /* WaniKaniAPI.swift */,
				B5CF0E32209B759A00A700F6 /* main.swift */,
				B5CF0E34209B759A00A700F6 /* Assets.xcassets */,
				B5CF0E39209B759A00A700F6 /* Info.plist */,
				B5CF0E3A209B759A00A700F6 /* WaniKaniBar.entitlements */,
			);
			path = WaniKaniBar;
			sourceTree = "<group>";
		};
		B5D301FA218F7FC5001A1336 /* models */ = {
			isa = PBXGroup;
			children = (
			);
			path = models;
			sourceTree = "<group>";
		};
		B5D301FB218F7FCF001A1336 /* controllers */ = {
			isa = PBXGroup;
			children = (
			);
			path = controllers;
			sourceTree = "<group>";
		};
		B5D301FC218F7FD7001A1336 /* views */ = {
			isa = PBXGroup;
			children = (
			);
			path = views;
			sourceTree = "<group>";
		};
/* End PBXGroup section */

/* Begin PBXNativeTarget section */
		B525ABE320A34B3500A388E6 /* WaniKaniBarTests */ = {
			isa = PBXNativeTarget;
			buildConfigurationList = B525ABED20A34B3500A388E6 /* Build configuration list for PBXNativeTarget "WaniKaniBarTests" */;
			buildPhases = (
				B525ABE020A34B3500A388E6 /* Sources */,
				B525ABE120A34B3500A388E6 /* Frameworks */,
				B525ABE220A34B3500A388E6 /* Resources */,
			);
			buildRules = (
			);
			dependencies = (
				B525ABEA20A34B3500A388E6 /* PBXTargetDependency */,
			);
			name = WaniKaniBarTests;
			productName = WaniKaniBarTests;
			productReference = B525ABE420A34B3500A388E6 /* WaniKaniBarTests.xctest */;
			productType = "com.apple.product-type.bundle.unit-test";
		};
		B5CF0E2E209B759A00A700F6 /* WaniKaniBar */ = {
			isa = PBXNativeTarget;
			buildConfigurationList = B5CF0E3D209B759A00A700F6 /* Build configuration list for PBXNativeTarget "WaniKaniBar" */;
			buildPhases = (
				B5CF0E2B209B759A00A700F6 /* Sources */,
				B5CF0E2C209B759A00A700F6 /* Frameworks */,
				B5CF0E2D209B759A00A700F6 /* Resources */,
			);
			buildRules = (
			);
			dependencies = (
			);
			name = WaniKaniBar;
			productName = WaniKaniBar;
			productReference = B5CF0E2F209B759A00A700F6 /* WaniKaniBar.app */;
			productType = "com.apple.product-type.application";
		};
/* End PBXNativeTarget section */

/* Begin PBXProject section */
		B5CF0E27209B759A00A700F6 /* Project object */ = {
			isa = PBXProject;
			attributes = {
				LastSwiftUpdateCheck = 0900;
				LastUpgradeCheck = 1010;
				ORGANIZATIONNAME = "Ben Griffith";
				TargetAttributes = {
					B525ABE320A34B3500A388E6 = {
						CreatedOnToolsVersion = 9.0.1;
						LastSwiftMigration = 1010;
						ProvisioningStyle = Automatic;
						TestTargetID = B5CF0E2E209B759A00A700F6;
					};
					B5CF0E2E209B759A00A700F6 = {
						CreatedOnToolsVersion = 9.0.1;
						ProvisioningStyle = Automatic;
					};
				};
			};
			buildConfigurationList = B5CF0E2A209B759A00A700F6 /* Build configuration list for PBXProject "WaniKaniBar" */;
			compatibilityVersion = "Xcode 8.0";
			developmentRegion = en;
			hasScannedForEncodings = 0;
			knownRegions = (
				en,
				Base,
			);
			mainGroup = B5CF0E26209B759A00A700F6;
			productRefGroup = B5CF0E30209B759A00A700F6 /* Products */;
			projectDirPath = "";
			projectRoot = "";
			targets = (
				B5CF0E2E209B759A00A700F6 /* WaniKaniBar */,
				B525ABE320A34B3500A388E6 /* WaniKaniBarTests */,
			);
		};
/* End PBXProject section */

/* Begin PBXResourcesBuildPhase section */
		B525ABE220A34B3500A388E6 /* Resources */ = {
			isa = PBXResourcesBuildPhase;
			buildActionMask = 2147483647;
			files = (
			);
			runOnlyForDeploymentPostprocessing = 0;
		};
		B5CF0E2D209B759A00A700F6 /* Resources */ = {
			isa = PBXResourcesBuildPhase;
			buildActionMask = 2147483647;
			files = (
				B5CF0E35209B759A00A700F6 /* Assets.xcassets in Resources */,
				B5E87AE7209C79A800D3B261 /* PreferencesWindow.xib in Resources */,
			);
			runOnlyForDeploymentPostprocessing = 0;
		};
/* End PBXResourcesBuildPhase section */

/* Begin PBXSourcesBuildPhase section */
		B525ABE020A34B3500A388E6 /* Sources */ = {
			isa = PBXSourcesBuildPhase;
			buildActionMask = 2147483647;
			files = (
				B525ABE720A34B3500A388E6 /* WaniKaniBarTests.swift in Sources */,
			);
			runOnlyForDeploymentPostprocessing = 0;
		};
		B5CF0E2B209B759A00A700F6 /* Sources */ = {
			isa = PBXSourcesBuildPhase;
			buildActionMask = 2147483647;
			files = (
				B5E87AE6209C79A800D3B261 /* PreferencesWindow.swift in Sources */,
				B5CF0E43209B7DD300A700F6 /* WaniKaniAPI.swift in Sources */,
				B5CF0E33209B759A00A700F6 /* main.swift in Sources */,
				B5D301F9218F7CB8001A1336 /* StatusBar.swift in Sources */,
				B577204A209DD85600C7BAE5 /* time.swift in Sources */,
				B5CF0E41209B789500A700F6 /* WaniKaniBarController.swift in Sources */,
			);
			runOnlyForDeploymentPostprocessing = 0;
		};
/* End PBXSourcesBuildPhase section */

/* Begin PBXTargetDependency section */
		B525ABEA20A34B3500A388E6 /* PBXTargetDependency */ = {
			isa = PBXTargetDependency;
			target = B5CF0E2E209B759A00A700F6 /* WaniKaniBar */;
			targetProxy = B525ABE920A34B3500A388E6 /* PBXContainerItemProxy */;
		};
/* End PBXTargetDependency section */

/* Begin XCBuildConfiguration section */
		B525ABEB20A34B3500A388E6 /* Debug */ = {
			isa = XCBuildConfiguration;
			buildSettings = {
				BUNDLE_LOADER = "$(TEST_HOST)";
				CODE_SIGN_STYLE = Automatic;
				COMBINE_HIDPI_IMAGES = YES;
				INFOPLIST_FILE = WaniKaniBarTests/Info.plist;
				LD_RUNPATH_SEARCH_PATHS = "$(inherited) @executable_path/../Frameworks @loader_path/../Frameworks";
				PRODUCT_BUNDLE_IDENTIFIER = brgwebltd.WaniKaniBarTests;
				PRODUCT_NAME = "$(TARGET_NAME)";
				SWIFT_VERSION = 4.2;
				TEST_HOST = "$(BUILT_PRODUCTS_DIR)/WaniKaniBar.app/Contents/MacOS/WaniKaniBar";
			};
			name = Debug;
		};
		B525ABEC20A34B3500A388E6 /* Release */ = {
			isa = XCBuildConfiguration;
			buildSettings = {
				BUNDLE_LOADER = "$(TEST_HOST)";
				CODE_SIGN_STYLE = Automatic;
				COMBINE_HIDPI_IMAGES = YES;
				INFOPLIST_FILE = WaniKaniBarTests/Info.plist;
				LD_RUNPATH_SEARCH_PATHS = "$(inherited) @executable_path/../Frameworks @loader_path/../Frameworks";
				PRODUCT_BUNDLE_IDENTIFIER = brgwebltd.WaniKaniBarTests;
				PRODUCT_NAME = "$(TARGET_NAME)";
				SWIFT_VERSION = 4.2;
				TEST_HOST = "$(BUILT_PRODUCTS_DIR)/WaniKaniBar.app/Contents/MacOS/WaniKaniBar";
			};
			name = Release;
		};
		B5CF0E3B209B759A00A700F6 /* Debug */ = {
			isa = XCBuildConfiguration;
			buildSettings = {
				ALWAYS_SEARCH_USER_PATHS = NO;
				CLANG_ANALYZER_NONNULL = YES;
				CLANG_ANALYZER_NUMBER_OBJECT_CONVERSION = YES_AGGRESSIVE;
				CLANG_CXX_LANGUAGE_STANDARD = "gnu++14";
				CLANG_CXX_LIBRARY = "libc++";
				CLANG_ENABLE_MODULES = YES;
				CLANG_ENABLE_OBJC_ARC = YES;
				CLANG_WARN_BLOCK_CAPTURE_AUTORELEASING = YES;
				CLANG_WARN_BOOL_CONVERSION = YES;
				CLANG_WARN_COMMA = YES;
				CLANG_WARN_CONSTANT_CONVERSION = YES;
				CLANG_WARN_DEPRECATED_OBJC_IMPLEMENTATIONS = YES;
				CLANG_WARN_DIRECT_OBJC_ISA_USAGE = YES_ERROR;
				CLANG_WARN_DOCUMENTATION_COMMENTS = YES;
				CLANG_WARN_EMPTY_BODY = YES;
				CLANG_WARN_ENUM_CONVERSION = YES;
				CLANG_WARN_INFINITE_RECURSION = YES;
				CLANG_WARN_INT_CONVERSION = YES;
				CLANG_WARN_NON_LITERAL_NULL_CONVERSION = YES;
				CLANG_WARN_OBJC_IMPLICIT_RETAIN_SELF = YES;
				CLANG_WARN_OBJC_LITERAL_CONVERSION = YES;
				CLANG_WARN_OBJC_ROOT_CLASS = YES_ERROR;
				CLANG_WARN_RANGE_LOOP_ANALYSIS = YES;
				CLANG_WARN_STRICT_PROTOTYPES = YES;
				CLANG_WARN_SUSPICIOUS_MOVE = YES;
				CLANG_WARN_UNGUARDED_AVAILABILITY = YES_AGGRESSIVE;
				CLANG_WARN_UNREACHABLE_CODE = YES;
				CLANG_WARN__DUPLICATE_METHOD_MATCH = YES;
				CODE_SIGN_IDENTITY = "-";
				COPY_PHASE_STRIP = NO;
				DEBUG_INFORMATION_FORMAT = dwarf;
				ENABLE_STRICT_OBJC_MSGSEND = YES;
				ENABLE_TESTABILITY = YES;
				GCC_C_LANGUAGE_STANDARD = gnu11;
				GCC_DYNAMIC_NO_PIC = NO;
				GCC_NO_COMMON_BLOCKS = YES;
				GCC_OPTIMIZATION_LEVEL = 0;
				GCC_PREPROCESSOR_DEFINITIONS = (
					"DEBUG=1",
					"$(inherited)",
				);
				GCC_WARN_64_TO_32_BIT_CONVERSION = YES;
				GCC_WARN_ABOUT_RETURN_TYPE = YES_ERROR;
				GCC_WARN_UNDECLARED_SELECTOR = YES;
				GCC_WARN_UNINITIALIZED_AUTOS = YES_AGGRESSIVE;
				GCC_WARN_UNUSED_FUNCTION = YES;
				GCC_WARN_UNUSED_VARIABLE = YES;
				MACOSX_DEPLOYMENT_TARGET = 10.13;
				MTL_ENABLE_DEBUG_INFO = YES;
				ONLY_ACTIVE_ARCH = YES;
				SDKROOT = macosx;
				SWIFT_ACTIVE_COMPILATION_CONDITIONS = DEBUG;
				SWIFT_OPTIMIZATION_LEVEL = "-Onone";
			};
			name = Debug;
		};
		B5CF0E3C209B759A00A700F6 /* Release */ = {
			isa = XCBuildConfiguration;
			buildSettings = {
				ALWAYS_SEARCH_USER_PATHS = NO;
				CLANG_ANALYZER_NONNULL = YES;
				CLANG_ANALYZER_NUMBER_OBJECT_CONVERSION = YES_AGGRESSIVE;
				CLANG_CXX_LANGUAGE_STANDARD = "gnu++14";
				CLANG_CXX_LIBRARY = "libc++";
				CLANG_ENABLE_MODULES = YES;
				CLANG_ENABLE_OBJC_ARC = YES;
				CLANG_WARN_BLOCK_CAPTURE_AUTORELEASING = YES;
				CLANG_WARN_BOOL_CONVERSION = YES;
				CLANG_WARN_COMMA = YES;
				CLANG_WARN_CONSTANT_CONVERSION = YES;
				CLANG_WARN_DEPRECATED_OBJC_IMPLEMENTATIONS = YES;
				CLANG_WARN_DIRECT_OBJC_ISA_USAGE = YES_ERROR;
				CLANG_WARN_DOCUMENTATION_COMMENTS = YES;
				CLANG_WARN_EMPTY_BODY = YES;
				CLANG_WARN_ENUM_CONVERSION = YES;
				CLANG_WARN_INFINITE_RECURSION = YES;
				CLANG_WARN_INT_CONVERSION = YES;
				CLANG_WARN_NON_LITERAL_NULL_CONVERSION = YES;
				CLANG_WARN_OBJC_IMPLICIT_RETAIN_SELF = YES;
				CLANG_WARN_OBJC_LITERAL_CONVERSION = YES;
				CLANG_WARN_OBJC_ROOT_CLASS = YES_ERROR;
				CLANG_WARN_RANGE_LOOP_ANALYSIS = YES;
				CLANG_WARN_STRICT_PROTOTYPES = YES;
				CLANG_WARN_SUSPICIOUS_MOVE = YES;
				CLANG_WARN_UNGUARDED_AVAILABILITY = YES_AGGRESSIVE;
				CLANG_WARN_UNREACHABLE_CODE = YES;
				CLANG_WARN__DUPLICATE_METHOD_MATCH = YES;
				CODE_SIGN_IDENTITY = "-";
				COPY_PHASE_STRIP = NO;
				DEBUG_INFORMATION_FORMAT = "dwarf-with-dsym";
				ENABLE_NS_ASSERTIONS = NO;
				ENABLE_STRICT_OBJC_MSGSEND = YES;
				GCC_C_LANGUAGE_STANDARD = gnu11;
				GCC_NO_COMMON_BLOCKS = YES;
				GCC_WARN_64_TO_32_BIT_CONVERSION = YES;
				GCC_WARN_ABOUT_RETURN_TYPE = YES_ERROR;
				GCC_WARN_UNDECLARED_SELECTOR = YES;
				GCC_WARN_UNINITIALIZED_AUTOS = YES_AGGRESSIVE;
				GCC_WARN_UNUSED_FUNCTION = YES;
				GCC_WARN_UNUSED_VARIABLE = YES;
				MACOSX_DEPLOYMENT_TARGET = 10.13;
				MTL_ENABLE_DEBUG_INFO = NO;
				SDKROOT = macosx;
				SWIFT_OPTIMIZATION_LEVEL = "-Owholemodule";
			};
			name = Release;
		};
		B5CF0E3E209B759A00A700F6 /* Debug */ = {
			isa = XCBuildConfiguration;
			buildSettings = {
				ASSETCATALOG_COMPILER_APPICON_NAME = AppIcon;
				CODE_SIGN_STYLE = Automatic;
				COMBINE_HIDPI_IMAGES = YES;
				INFOPLIST_FILE = WaniKaniBar/Info.plist;
				LD_RUNPATH_SEARCH_PATHS = "$(inherited) @executable_path/../Frameworks";
				MACOSX_DEPLOYMENT_TARGET = 10.14;
				PRODUCT_BUNDLE_IDENTIFIER = brgwebltd.WaniKaniBar;
				PRODUCT_NAME = "$(TARGET_NAME)";
				SWIFT_VERSION = 4.2;
			};
			name = Debug;
		};
		B5CF0E3F209B759A00A700F6 /* Release */ = {
			isa = XCBuildConfiguration;
			buildSettings = {
				ASSETCATALOG_COMPILER_APPICON_NAME = AppIcon;
				CODE_SIGN_STYLE = Automatic;
				COMBINE_HIDPI_IMAGES = YES;
				INFOPLIST_FILE = WaniKaniBar/Info.plist;
				LD_RUNPATH_SEARCH_PATHS = "$(inherited) @executable_path/../Frameworks";
				MACOSX_DEPLOYMENT_TARGET = 10.14;
				PRODUCT_BUNDLE_IDENTIFIER = brgwebltd.WaniKaniBar;
				PRODUCT_NAME = "$(TARGET_NAME)";
				SWIFT_VERSION = 4.2;
			};
			name = Release;
		};
/* End XCBuildConfiguration section */

/* Begin XCConfigurationList section */
		B525ABED20A34B3500A388E6 /* Build configuration list for PBXNativeTarget "WaniKaniBarTests" */ = {
			isa = XCConfigurationList;
			buildConfigurations = (
				B525ABEB20A34B3500A388E6 /* Debug */,
				B525ABEC20A34B3500A388E6 /* Release */,
			);
			defaultConfigurationIsVisible = 0;
			defaultConfigurationName = Release;
		};
		B5CF0E2A209B759A00A700F6 /* Build configuration list for PBXProject "WaniKaniBar" */ = {
			isa = XCConfigurationList;
			buildConfigurations = (
				B5CF0E3B209B759A00A700F6 /* Debug */,
				B5CF0E3C209B759A00A700F6 /* Release */,
			);
			defaultConfigurationIsVisible = 0;
			defaultConfigurationName = Release;
		};
		B5CF0E3D209B759A00A700F6 /* Build configuration list for PBXNativeTarget "WaniKaniBar" */ = {
			isa = XCConfigurationList;
			buildConfigurations = (
				B5CF0E3E209B759A00A700F6 /* Debug */,
				B5CF0E3F209B759A00A700F6 /* Release */,
			);
			defaultConfigurationIsVisible = 0;
			defaultConfigurationName = Release;
		};
/* End XCConfigurationList section */
	};
	rootObject = B5CF0E27209B759A00A700F6 /* Project object */;
}
